
Microsoft Visual Studio Solution File, Format Version 12.00
# Visual Studio Version 17
VisualStudioVersion = 17.0.31903.59
MinimumVisualStudioVersion = 10.0.40219.1
Project("{2150E333-8FDC-42A3-9474-1A3956D46DE8}") = "src", "src", "{E3C5A508-75A5-44F3-BC9D-611D1318A141}"
EndProject
Project("{FAE04EC0-301F-11D3-BF4B-00C04F79EFBC}") = "AsterCell.Ari.Client", "src\AsterCell.Ari.Client\AsterCell.Ari.Client.csproj", "{D3D7CF9D-DB32-4C68-BF7C-FF2CB89E1413}"
EndProject
Global
	GlobalSection(SolutionConfigurationPlatforms) = preSolution
		Debug|Any CPU = Debug|Any CPU
		Release|Any CPU = Release|Any CPU
	EndGlobalSection
	GlobalSection(ProjectConfigurationPlatforms) = postSolution
		{D3D7CF9D-DB32-4C68-BF7C-FF2CB89E1413}.Debug|Any CPU.ActiveCfg = Debug|Any CPU
		{D3D7CF9D-DB32-4C68-BF7C-FF2CB89E1413}.Debug|Any CPU.Build.0 = Debug|Any CPU
		{D3D7CF9D-DB32-4C68-BF7C-FF2CB89E1413}.Release|Any CPU.ActiveCfg = Release|Any CPU
		{D3D7CF9D-DB32-4C68-BF7C-FF2CB89E1413}.Release|Any CPU.Build.0 = Release|Any CPU
	EndGlobalSection
	GlobalSection(SolutionProperties) = preSolution
		HideSolutionNode = FALSE
	EndGlobalSection
	GlobalSection(NestedProjects) = preSolution
		{D3D7CF9D-DB32-4C68-BF7C-FF2CB89E1413} = {E3C5A508-75A5-44F3-BC9D-611D1318A141}
	EndGlobalSection
EndGlobal
