
Microsoft Visual Studio Solution File, Format Version 12.00
# Visual Studio Version 17
VisualStudioVersion = 17.0.31903.59
MinimumVisualStudioVersion = 10.0.40219.1
Project("{2150E333-8FDC-42A3-9474-1A3956D46DE8}") = "src", "src", "{E3C5A508-75A5-44F3-BC9D-611D1318A141}"
EndProject
Project("{2150E333-8FDC-42A3-9474-1A3956D46DE8}") = "Application", "Application", "{8039C294-9CC3-4A09-9850-D03629B0425A}"
EndProject
Project("{2150E333-8FDC-42A3-9474-1A3956D46DE8}") = "Domain", "Domain", "{4038B32A-97A9-4411-A69B-B27375E1AF3E}"
EndProject
Project("{2150E333-8FDC-42A3-9474-1A3956D46DE8}") = "Infrastructure", "Infrastructure", "{FB6D1B5B-5A78-4422-82EC-321E486663B8}"
EndProject
Project("{2150E333-8FDC-42A3-9474-1A3956D46DE8}") = "Presentation", "Presentation", "{17A92C41-4EBD-43EA-8C1C-5D6CAE9F0DA9}"
EndProject
Project("{9A19103F-16F7-4668-BE54-9A1E7A4F7556}") = "AsterCell.Ari.Client", "src\Application\AsterCell.Ari.Client\AsterCell.Ari.Client.csproj", "{A5F37772-372A-4C68-8501-11B570E6712E}"
EndProject
Project("{9A19103F-16F7-4668-BE54-9A1E7A4F7556}") = "AsterCell.AuthorizationServer.Domain", "src\Domain\AsterCell.AuthorizationServer.Domain\AsterCell.AuthorizationServer.Domain.csproj", "{3E1A3C59-8955-4177-A5C8-5ADADBB91794}"
EndProject
Project("{9A19103F-16F7-4668-BE54-9A1E7A4F7556}") = "AsterCell.AuthorizationServer.Infrastructure", "src\Infrastructure\AsterCell.AuthorizationServer.Infrastructure\AsterCell.AuthorizationServer.Infrastructure.csproj", "{0C663449-198C-40FF-9BB4-6839ACDF30EB}"
EndProject
Project("{9A19103F-16F7-4668-BE54-9A1E7A4F7556}") = "AsterCell.AuthorizationServer", "src\Presentation\AsterCell.AuthorizationServer\AsterCell.AuthorizationServer.csproj", "{832F59A8-DD84-454A-B8C1-966E3E523DD5}"
EndProject
Project("{2150E333-8FDC-42A3-9474-1A3956D46DE8}") = "Asterisk Sample Configs", "Asterisk Sample Configs", "{704D20FA-889F-4169-9D0B-051E104A099E}"
	ProjectSection(SolutionItems) = preProject
		sample_configs\ari.conf = sample_configs\ari.conf
		sample_configs\extconfig.conf = sample_configs\extconfig.conf
		sample_configs\http.conf = sample_configs\http.conf
		sample_configs\nginx = sample_configs\nginx
		sample_configs\pjsip.conf = sample_configs\pjsip.conf
		sample_configs\res_config_mysql.conf = sample_configs\res_config_mysql.conf
		sample_configs\sorcery.conf = sample_configs\sorcery.conf
	EndProjectSection
EndProject
Project("{FAE04EC0-301F-11D3-BF4B-00C04F79EFBC}") = "AsterCell.Ari", "src\Presentation\AsterCell.Ari\AsterCell.Ari.csproj", "{5AE02564-F2EE-42E2-90C9-11B086525C99}"
EndProject
Global
	GlobalSection(SolutionConfigurationPlatforms) = preSolution
		Debug|Any CPU = Debug|Any CPU
		Release|Any CPU = Release|Any CPU
	EndGlobalSection
	GlobalSection(ProjectConfigurationPlatforms) = postSolution
		{A5F37772-372A-4C68-8501-11B570E6712E}.Debug|Any CPU.ActiveCfg = Debug|Any CPU
		{A5F37772-372A-4C68-8501-11B570E6712E}.Debug|Any CPU.Build.0 = Debug|Any CPU
		{A5F37772-372A-4C68-8501-11B570E6712E}.Release|Any CPU.ActiveCfg = Release|Any CPU
		{A5F37772-372A-4C68-8501-11B570E6712E}.Release|Any CPU.Build.0 = Release|Any CPU
		{3E1A3C59-8955-4177-A5C8-5ADADBB91794}.Debug|Any CPU.ActiveCfg = Debug|Any CPU
		{3E1A3C59-8955-4177-A5C8-5ADADBB91794}.Debug|Any CPU.Build.0 = Debug|Any CPU
		{3E1A3C59-8955-4177-A5C8-5ADADBB91794}.Release|Any CPU.ActiveCfg = Release|Any CPU
		{3E1A3C59-8955-4177-A5C8-5ADADBB91794}.Release|Any CPU.Build.0 = Release|Any CPU
		{0C663449-198C-40FF-9BB4-6839ACDF30EB}.Debug|Any CPU.ActiveCfg = Debug|Any CPU
		{0C663449-198C-40FF-9BB4-6839ACDF30EB}.Debug|Any CPU.Build.0 = Debug|Any CPU
		{0C663449-198C-40FF-9BB4-6839ACDF30EB}.Release|Any CPU.ActiveCfg = Release|Any CPU
		{0C663449-198C-40FF-9BB4-6839ACDF30EB}.Release|Any CPU.Build.0 = Release|Any CPU
		{832F59A8-DD84-454A-B8C1-966E3E523DD5}.Debug|Any CPU.ActiveCfg = Debug|Any CPU
		{832F59A8-DD84-454A-B8C1-966E3E523DD5}.Debug|Any CPU.Build.0 = Debug|Any CPU
		{832F59A8-DD84-454A-B8C1-966E3E523DD5}.Release|Any CPU.ActiveCfg = Release|Any CPU
		{832F59A8-DD84-454A-B8C1-966E3E523DD5}.Release|Any CPU.Build.0 = Release|Any CPU
		{5AE02564-F2EE-42E2-90C9-11B086525C99}.Debug|Any CPU.ActiveCfg = Debug|Any CPU
		{5AE02564-F2EE-42E2-90C9-11B086525C99}.Debug|Any CPU.Build.0 = Debug|Any CPU
		{5AE02564-F2EE-42E2-90C9-11B086525C99}.Release|Any CPU.ActiveCfg = Release|Any CPU
		{5AE02564-F2EE-42E2-90C9-11B086525C99}.Release|Any CPU.Build.0 = Release|Any CPU
	EndGlobalSection
	GlobalSection(SolutionProperties) = preSolution
		HideSolutionNode = FALSE
	EndGlobalSection
	GlobalSection(NestedProjects) = preSolution
		{8039C294-9CC3-4A09-9850-D03629B0425A} = {E3C5A508-75A5-44F3-BC9D-611D1318A141}
		{4038B32A-97A9-4411-A69B-B27375E1AF3E} = {E3C5A508-75A5-44F3-BC9D-611D1318A141}
		{FB6D1B5B-5A78-4422-82EC-321E486663B8} = {E3C5A508-75A5-44F3-BC9D-611D1318A141}
		{17A92C41-4EBD-43EA-8C1C-5D6CAE9F0DA9} = {E3C5A508-75A5-44F3-BC9D-611D1318A141}
		{A5F37772-372A-4C68-8501-11B570E6712E} = {8039C294-9CC3-4A09-9850-D03629B0425A}
		{3E1A3C59-8955-4177-A5C8-5ADADBB91794} = {4038B32A-97A9-4411-A69B-B27375E1AF3E}
		{0C663449-198C-40FF-9BB4-6839ACDF30EB} = {FB6D1B5B-5A78-4422-82EC-321E486663B8}
		{832F59A8-DD84-454A-B8C1-966E3E523DD5} = {17A92C41-4EBD-43EA-8C1C-5D6CAE9F0DA9}
		{5AE02564-F2EE-42E2-90C9-11B086525C99} = {17A92C41-4EBD-43EA-8C1C-5D6CAE9F0DA9}
	EndGlobalSection
	GlobalSection(ExtensibilityGlobals) = postSolution
		SolutionGuid = {F2E20EB5-7C56-4313-84E1-74790C2F0A40}
	EndGlobalSection
EndGlobal
